Microsoft Visual Studio Solution File, Format Version 12.00
# Visual Studio Version 16
VisualStudioVersion = 16.0.30104.148
MinimumVisualStudioVersion = 10.0.40219.1
Project("{FAE04EC0-301F-11D3-BF4B-00C04F79EFBC}") = "VMware.Horizon.RESTAPI", "VMware.Horizon.RESTAPI\VMware.Horizon.RESTAPI.csproj", "{DB6E1A3D-91B5-43D8-9452-05B5CBA5B637}"
EndProject
Project("{9A19103F-16F7-4668-BE54-9A1E7A4F7556}") = "VMware.Horizon.RESTAPI.Client", "VMware.Horizon.RESTAPI.Client\VMware.Horizon.RESTAPI.Client.csproj", "{BAA437D9-EBDE-4FE9-949B-D52E08B62B43}"
EndProject
Project("{FAE04EC0-301F-11D3-BF4B-00C04F79EFBC}") = "NetFramework472CSharpExample", "Example Projects\NetFramework472CSharpExample\NetFramework472CSharpExample.csproj", "{9996CF3A-428B-49D1-A630-20811ABAC43C}"
EndProject
Project("{9A19103F-16F7-4668-BE54-9A1E7A4F7556}") = "NetCore2CSharpExample", "Example Projects\NetCore2CSharpExample\NetCore2CSharpExample.csproj", "{F2EFE0C7-17DA-4712-A5F6-B5DF52F281E5}"
EndProject
Project("{2150E333-8FDC-42A3-9474-1A3956D46DE8}") = "Libraries", "Libraries", "{CF86CE94-C3CE-431F-A985-8A83384C07F7}"
EndProject
Project("{2150E333-8FDC-42A3-9474-1A3956D46DE8}") = "Examples", "Examples", "{0DCA664E-1E74-4FD9-908B-C6D6BA612B87}"
EndProject
Project("{F184B08F-C81C-45F6-A57F-5ABD9991F28F}") = "NetFramework472VBExample", "Example Projects\NetFramework472VBExample\NetFramework472VBExample.vbproj", "{FA2A65F2-E850-43EF-8A51-7C4D47007312}"
EndProject
Project("{9A19103F-16F7-4668-BE54-9A1E7A4F7556}") = "HorizonEntitlementsDemo", "Example Projects\HorizonEntitlementsDemo\HorizonEntitlementsDemo.csproj", "{F2480177-FEDF-4357-8A6F-6A86719DAEB1}"
EndProject
Project("{FAE04EC0-301F-11D3-BF4B-00C04F79EFBC}") = "HorizonAdvancedFiltersAndPaginationTesting", "HorizonAdvancedFiltersAndPaginationTesting\HorizonAdvancedFiltersAndPaginationTesting.csproj", "{1A09D0B8-1A2B-4467-9BEE-9D2ECE5709A7}"
EndProject
Global
	GlobalSection(SolutionConfigurationPlatforms) = preSolution
		Debug|Any CPU = Debug|Any CPU
		Release|Any CPU = Release|Any CPU
	EndGlobalSection
	GlobalSection(ProjectConfigurationPlatforms) = postSolution
		{DB6E1A3D-91B5-43D8-9452-05B5CBA5B637}.Debug|Any CPU.ActiveCfg = Debug|Any CPU
		{DB6E1A3D-91B5-43D8-9452-05B5CBA5B637}.Debug|Any CPU.Build.0 = Debug|Any CPU
		{DB6E1A3D-91B5-43D8-9452-05B5CBA5B637}.Release|Any CPU.ActiveCfg = Release|Any CPU
		{DB6E1A3D-91B5-43D8-9452-05B5CBA5B637}.Release|Any CPU.Build.0 = Release|Any CPU
		{BAA437D9-EBDE-4FE9-949B-D52E08B62B43}.Debug|Any CPU.ActiveCfg = Debug|Any CPU
		{BAA437D9-EBDE-4FE9-949B-D52E08B62B43}.Debug|Any CPU.Build.0 = Debug|Any CPU
		{BAA437D9-EBDE-4FE9-949B-D52E08B62B43}.Release|Any CPU.ActiveCfg = Release|Any CPU
		{BAA437D9-EBDE-4FE9-949B-D52E08B62B43}.Release|Any CPU.Build.0 = Release|Any CPU
		{9996CF3A-428B-49D1-A630-20811ABAC43C}.Debug|Any CPU.ActiveCfg = Debug|Any CPU
		{9996CF3A-428B-49D1-A630-20811ABAC43C}.Debug|Any CPU.Build.0 = Debug|Any CPU
		{9996CF3A-428B-49D1-A630-20811ABAC43C}.Release|Any CPU.ActiveCfg = Release|Any CPU
		{9996CF3A-428B-49D1-A630-20811ABAC43C}.Release|Any CPU.Build.0 = Release|Any CPU
		{F2EFE0C7-17DA-4712-A5F6-B5DF52F281E5}.Debug|Any CPU.ActiveCfg = Debug|Any CPU
		{F2EFE0C7-17DA-4712-A5F6-B5DF52F281E5}.Debug|Any CPU.Build.0 = Debug|Any CPU
		{F2EFE0C7-17DA-4712-A5F6-B5DF52F281E5}.Release|Any CPU.ActiveCfg = Release|Any CPU
		{F2EFE0C7-17DA-4712-A5F6-B5DF52F281E5}.Release|Any CPU.Build.0 = Release|Any CPU
		{FA2A65F2-E850-43EF-8A51-7C4D47007312}.Debug|Any CPU.ActiveCfg = Debug|Any CPU
		{FA2A65F2-E850-43EF-8A51-7C4D47007312}.Debug|Any CPU.Build.0 = Debug|Any CPU
		{FA2A65F2-E850-43EF-8A51-7C4D47007312}.Release|Any CPU.ActiveCfg = Release|Any CPU
		{FA2A65F2-E850-43EF-8A51-7C4D47007312}.Release|Any CPU.Build.0 = Release|Any CPU
		{F2480177-FEDF-4357-8A6F-6A86719DAEB1}.Debug|Any CPU.ActiveCfg = Debug|Any CPU
		{F2480177-FEDF-4357-8A6F-6A86719DAEB1}.Debug|Any CPU.Build.0 = Debug|Any CPU
		{F2480177-FEDF-4357-8A6F-6A86719DAEB1}.Release|Any CPU.ActiveCfg = Release|Any CPU
		{F2480177-FEDF-4357-8A6F-6A86719DAEB1}.Release|Any CPU.Build.0 = Release|Any CPU
		{1A09D0B8-1A2B-4467-9BEE-9D2ECE5709A7}.Debug|Any CPU.ActiveCfg = Debug|Any CPU
		{1A09D0B8-1A2B-4467-9BEE-9D2ECE5709A7}.Debug|Any CPU.Build.0 = Debug|Any CPU
		{1A09D0B8-1A2B-4467-9BEE-9D2ECE5709A7}.Release|Any CPU.ActiveCfg = Release|Any CPU
		{1A09D0B8-1A2B-4467-9BEE-9D2ECE5709A7}.Release|Any CPU.Build.0 = Release|Any CPU
	EndGlobalSection
	GlobalSection(SolutionProperties) = preSolution
		HideSolutionNode = FALSE
	EndGlobalSection
	GlobalSection(NestedProjects) = preSolution
		{DB6E1A3D-91B5-43D8-9452-05B5CBA5B637} = {CF86CE94-C3CE-431F-A985-8A83384C07F7}
		{BAA437D9-EBDE-4FE9-949B-D52E08B62B43} = {CF86CE94-C3CE-431F-A985-8A83384C07F7}
		{9996CF3A-428B-49D1-A630-20811ABAC43C} = {0DCA664E-1E74-4FD9-908B-C6D6BA612B87}
		{F2EFE0C7-17DA-4712-A5F6-B5DF52F281E5} = {0DCA664E-1E74-4FD9-908B-C6D6BA612B87}
		{FA2A65F2-E850-43EF-8A51-7C4D47007312} = {0DCA664E-1E74-4FD9-908B-C6D6BA612B87}
		{F2480177-FEDF-4357-8A6F-6A86719DAEB1} = {0DCA664E-1E74-4FD9-908B-C6D6BA612B87}
		{1A09D0B8-1A2B-4467-9BEE-9D2ECE5709A7} = {0DCA664E-1E74-4FD9-908B-C6D6BA612B87}
	EndGlobalSection
	GlobalSection(ExtensibilityGlobals) = postSolution
		SolutionGuid = {948DC344-4385-42CE-ACA3-576E8106640E}
	EndGlobalSection
EndGlobal
